{
  "lockfileVersion": 1,
  "configVersion": 1,
  "workspaces": {
    "": {
      "name": "wordle-buddy",
      "dependencies": {
        "find-up": "^6.2.0",
        "playwright": "^1.17.2",
        "sinon": "^12.0.1",
      },
    },
  },
  "packages": {
    "@sinonjs/commons": ["@sinonjs/commons@1.8.3", "", { "dependencies": { "type-detect": "4.0.8" } }, "sha512-xkNcLAn/wZaX14RPlwizcKicDk9G3F8m2nU3L7Ukm5zBgTwiT0wsoFAHx9Jq56fJA1z/7uKGtCRu16sOUCLIHQ=="],

    "@sinonjs/fake-timers": ["@sinonjs/fake-timers@8.1.0", "", { "dependencies": { "@sinonjs/commons": "^1.7.0" } }, "sha512-OAPJUAtgeINhh/TAlUID4QTs53Njm7xzddaVlEs/SXwgtiD1tW22zAB/W1wdqfrpmikgaWQ9Fw6Ws+hsiRm5Vg=="],

    "@sinonjs/samsam": ["@sinonjs/samsam@6.0.2", "", { "dependencies": { "@sinonjs/commons": "^1.6.0", "lodash.get": "^4.4.2", "type-detect": "^4.0.8" } }, "sha512-jxPRPp9n93ci7b8hMfJOFDPRLFYadN6FSpeROFTR4UNF4i5b+EK6m4QXPO46BDhFgRy1JuS87zAnFOzCUwMJcQ=="],

    "@sinonjs/text-encoding": ["@sinonjs/text-encoding@0.7.1", "", {}, "sha512-+iTbntw2IZPb/anVDbypzfQa+ay64MW0Zo8aJ8gZPWMMK6/OubMVb6lUPMagqjOPnmtauXnFCACVl3O7ogjeqQ=="],

    "@types/node": ["@types/node@17.0.8", "", {}, "sha512-YofkM6fGv4gDJq78g4j0mMuGMkZVxZDgtU0JRdx6FgiJDG+0fY0GKVolOV8WqVmEhLCXkQRjwDdKyPxJp/uucg=="],

    "@types/yauzl": ["@types/yauzl@2.9.2", "", { "dependencies": { "@types/node": "*" } }, "sha512-8uALY5LTvSuHgloDVUvWP3pIauILm+8/0pDMokuDYIoNsOkSwd5AiHBTSEJjKTDcZr5z8UpgOWZkxBF4iJftoA=="],

    "agent-base": ["agent-base@6.0.2", "", { "dependencies": { "debug": "4" } }, "sha512-RZNwNclF7+MS/8bDg70amg32dyeZGZxiDuQmZxKLAlQjr3jGyLx+4Kkk58UO7D2QdgFIQCovuSuZESne6RG6XQ=="],

    "balanced-match": ["balanced-match@1.0.2", "", {}, "sha512-3oSeUO0TMV67hN1AmbXsK4yaqU7tjiHlbxRDZOpH0KW9+CeX4bRAaX0Anxt0tx2MrpRpWwQaPwIlISEJhYU5Pw=="],

    "brace-expansion": ["brace-expansion@1.1.11", "", { "dependencies": { "balanced-match": "^1.0.0", "concat-map": "0.0.1" } }, "sha512-iCuPHDFgrHX7H2vEI/5xpz07zSHB00TpugqhmYtVmMO6518mCuRMoOYFldEBl0g187ufozdaHgWKcYFb61qGiA=="],

    "buffer-crc32": ["buffer-crc32@0.2.13", "", {}, "sha1-DTM+PwDqxQqhRUq9MO+MKl2ackI="],

    "commander": ["commander@8.3.0", "", {}, "sha512-OkTL9umf+He2DZkUq8f8J9of7yL6RJKI24dVITBmNfZBmri9zYZQrKkuXiKhyfPSu8tUhnVBB1iKXevvnlR4Ww=="],

    "concat-map": ["concat-map@0.0.1", "", {}, "sha1-2Klr13/Wjfd5OnMDajug1UBdR3s="],

    "debug": ["debug@4.3.3", "", { "dependencies": { "ms": "2.1.2" } }, "sha512-/zxw5+vh1Tfv+4Qn7a5nsbcJKPaSvCDhojn6FEl9vupwK2VCSDtEiEtqr8DFtzYFOdz63LBkxec7DYuc2jon6Q=="],

    "diff": ["diff@5.0.0", "", {}, "sha512-/VTCrvm5Z0JGty/BWHljh+BAiw3IK+2j87NGMu8Nwc/f48WoDAC395uomO9ZD117ZOBaHmkX1oyLvkVM/aIT3w=="],

    "end-of-stream": ["end-of-stream@1.4.4", "", { "dependencies": { "once": "^1.4.0" } }, "sha512-+uw1inIHVPQoaVuHzRyXd21icM+cnt4CzD5rW+NC1wjOUSTOs+Te7FOv7AhN7vS9x/oIyhLP5PR1H+phQAHu5Q=="],

    "escape-string-regexp": ["escape-string-regexp@2.0.0", "", {}, "sha512-UpzcLCXolUWcNu5HtVMHYdXJjArjsF9C0aNnquZYY4uW/Vu0miy5YoWvbV345HauVvcAUnpRuhMMcqTcGOY2+w=="],

    "extract-zip": ["extract-zip@2.0.1", "", { "dependencies": { "debug": "^4.1.1", "get-stream": "^5.1.0", "yauzl": "^2.10.0" }, "optionalDependencies": { "@types/yauzl": "^2.9.1" }, "bin": "cli.js" }, "sha512-GDhU9ntwuKyGXdZBUgTIe+vXnWj0fppUEtMDL0+idd5Sta8TGpHssn/eusA9mrPr9qNDym6SxAYZjNvCn/9RBg=="],

    "fd-slicer": ["fd-slicer@1.1.0", "", { "dependencies": { "pend": "~1.2.0" } }, "sha1-JcfInLH5B3+IkbvmHY85Dq4lbx4="],

    "find-up": ["find-up@6.2.0", "", { "dependencies": { "locate-path": "^7.0.0", "path-exists": "^5.0.0" } }, "sha512-yWHzMzXCaFoABSnFTCPKNFlYoq4mSga9QLRRKOCLSJ33hSkzROB14ITbAWW0QDQDyuzsPQ33S1DsOWQb/oW1yA=="],

    "fs.realpath": ["fs.realpath@1.0.0", "", {}, "sha1-FQStJSMVjKpA20onh8sBQRmU6k8="],

    "get-stream": ["get-stream@5.2.0", "", { "dependencies": { "pump": "^3.0.0" } }, "sha512-nBF+F1rAZVCu/p7rjzgA+Yb4lfYXrpl7a6VmJrU8wF9I1CKvP/QwPNZHnOlwbTkY6dvtFIzFMSyQXbLoTQPRpA=="],

    "glob": ["glob@7.2.0", "", { "dependencies": { "fs.realpath": "^1.0.0", "inflight": "^1.0.4", "inherits": "2", "minimatch": "^3.0.4", "once": "^1.3.0", "path-is-absolute": "^1.0.0" } }, "sha512-lmLf6gtyrPq8tTjSmrO94wBeQbFR3HbLHbuyD69wuyQkImp2hWqMGB47OX65FBkPffO641IP9jWa1z4ivqG26Q=="],

    "graceful-fs": ["graceful-fs@4.2.9", "", {}, "sha512-NtNxqUcXgpW2iMrfqSfR73Glt39K+BLwWsPs94yR63v45T0Wbej7eRmL5cWfwEgqXnmjQp3zaJTshdRW/qC2ZQ=="],

    "has-flag": ["has-flag@4.0.0", "", {}, "sha512-EykJT/Q1KjTWctppgIAgfSO0tKVuZUjhgMr17kqTumMl6Afv3EISleU7qZUzoXDFTAHTDC4NOoG/ZxU3EvlMPQ=="],

    "https-proxy-agent": ["https-proxy-agent@5.0.0", "", { "dependencies": { "agent-base": "6", "debug": "4" } }, "sha512-EkYm5BcKUGiduxzSt3Eppko+PiNWNEpa4ySk9vTC6wDsQJW9rHSa+UhGNJoRYp7bz6Ht1eaRIa6QaJqO5rCFbA=="],

    "inflight": ["inflight@1.0.6", "", { "dependencies": { "once": "^1.3.0", "wrappy": "1" } }, "sha1-Sb1jMdfQLQwJvJEKEHW6gWW1bfk="],

    "inherits": ["inherits@2.0.4", "", {}, "sha512-k/vGaX4/Yla3WzyMCvTQOXYeIHvqOKtnqBduzTHpzpQZzAskKMhZ2K+EnBiSM9zGSoIFeMpXKxa4dYeZIQqewQ=="],

    "ip": ["ip@1.1.5", "", {}, "sha1-vd7XARQpCCjAoDnnLvJfWq7ENUo="],

    "isarray": ["isarray@0.0.1", "", {}, "sha1-ihis/Kmo9Bd+Cav8YDiTmwXR7t8="],

    "jpeg-js": ["jpeg-js@0.4.3", "", {}, "sha512-ru1HWKek8octvUHFHvE5ZzQ1yAsJmIvRdGWvSoKV52XKyuyYA437QWDttXT8eZXDSbuMpHlLzPDZUPd6idIz+Q=="],

    "just-extend": ["just-extend@4.2.1", "", {}, "sha512-g3UB796vUFIY90VIv/WX3L2c8CS2MdWUww3CNrYmqza1Fg0DURc2K/O4YrnklBdQarSJ/y8JnJYDGc+1iumQjg=="],

    "locate-path": ["locate-path@7.0.0", "", { "dependencies": { "p-locate": "^6.0.0" } }, "sha512-+cg2yXqDUKfo4hsFxwa3G1cBJeA+gs1vD8FyV9/odWoUlQe/4syxHQ5DPtKjtfm6gnKbZzjCqzX03kXosvZB1w=="],

    "lodash.get": ["lodash.get@4.4.2", "", {}, "sha1-LRd/ZS+jHpObRDjVNBSZ36OCXpk="],

    "mime": ["mime@2.6.0", "", { "bin": "cli.js" }, "sha512-USPkMeET31rOMiarsBNIHZKLGgvKc/LrjofAnBlOttf5ajRvqiRA8QsenbcooctK6d6Ts6aqZXBA+XbkKthiQg=="],

    "minimatch": ["minimatch@3.0.4", "", { "dependencies": { "brace-expansion": "^1.1.7" } }, "sha512-yJHVQEhyqPLUTgt9B83PXu6W3rx4MvvHvSUvToogpwoGDOUQ+yDrR0HRot+yOCdCO7u4hX3pWft6kWBBcqh0UA=="],

    "ms": ["ms@2.1.2", "", {}, "sha512-sGkPx+VjMtmA6MX27oA4FBFELFCZZ4S4XqeGOXCv68tT+jb3vk/RyaKWP0PTKyWtmLSM0b+adUTEvbs1PEaH2w=="],

    "nise": ["nise@5.1.0", "", { "dependencies": { "@sinonjs/commons": "^1.7.0", "@sinonjs/fake-timers": "^7.0.4", "@sinonjs/text-encoding": "^0.7.1", "just-extend": "^4.0.2", "path-to-regexp": "^1.7.0" } }, "sha512-W5WlHu+wvo3PaKLsJJkgPup2LrsXCcm7AWwyNZkUnn5rwPkuPBi3Iwk5SQtN0mv+K65k7nKKjwNQ30wg3wLAQQ=="],

    "once": ["once@1.4.0", "", { "dependencies": { "wrappy": "1" } }, "sha1-WDsap3WWHUsROsF9nFC6753Xa9E="],

    "p-limit": ["p-limit@4.0.0", "", { "dependencies": { "yocto-queue": "^1.0.0" } }, "sha512-5b0R4txpzjPWVw/cXXUResoD4hb6U/x9BH08L7nw+GN1sezDzPdxeRvpc9c433fZhBan/wusjbCsqwqm4EIBIQ=="],

    "p-locate": ["p-locate@6.0.0", "", { "dependencies": { "p-limit": "^4.0.0" } }, "sha512-wPrq66Llhl7/4AGC6I+cqxT07LhXvWL08LNXz1fENOw0Ap4sRZZ/gZpTTJ5jpurzzzfS2W/Ge9BY3LgLjCShcw=="],

    "path-exists": ["path-exists@5.0.0", "", {}, "sha512-RjhtfwJOxzcFmNOi6ltcbcu4Iu+FL3zEj83dk4kAS+fVpTxXLO1b38RvJgT/0QwvV/L3aY9TAnyv0EOqW4GoMQ=="],

    "path-is-absolute": ["path-is-absolute@1.0.1", "", {}, "sha1-F0uSaHNVNP+8es5r9TpanhtcX18="],

    "path-to-regexp": ["path-to-regexp@1.8.0", "", { "dependencies": { "isarray": "0.0.1" } }, "sha512-n43JRhlUKUAlibEJhPeir1ncUID16QnEjNpwzNdO3Lm4ywrBpBZ5oLD0I6br9evr1Y9JTqwRtAh7JLoOzAQdVA=="],

    "pend": ["pend@1.2.0", "", {}, "sha1-elfrVQpng/kRUzH89GY9XI4AelA="],

    "playwright": ["playwright@1.17.2", "", { "dependencies": { "playwright-core": "=1.17.2" }, "bin": "cli.js" }, "sha512-u1HZmVoeLCLptNcpuOyp5KfBzsdsLxE9CReK82i/p8j5i7EPqtY3fX77SMHqDGeO7tLBSYk2a6eFDVlQfSSANg=="],

    "playwright-core": ["playwright-core@1.17.2", "", { "dependencies": { "commander": "^8.2.0", "debug": "^4.1.1", "extract-zip": "^2.0.1", "https-proxy-agent": "^5.0.0", "jpeg-js": "^0.4.2", "mime": "^2.4.6", "pngjs": "^5.0.0", "progress": "^2.0.3", "proper-lockfile": "^4.1.1", "proxy-from-env": "^1.1.0", "rimraf": "^3.0.2", "socks-proxy-agent": "^6.1.0", "stack-utils": "^2.0.3", "ws": "^7.4.6", "yauzl": "^2.10.0", "yazl": "^2.5.1" }, "bin": { "playwright": "cli.js" } }, "sha512-TCYIt2UNHvqGxvD79bBjBv9osDLAH1gn7AZD5kRpMNQJG6BAmJt8B4Ek8fzdKmCQOnHf9ASJmcYRszoIZxcdVA=="],

    "pngjs": ["pngjs@5.0.0", "", {}, "sha512-40QW5YalBNfQo5yRYmiw7Yz6TKKVr3h6970B2YE+3fQpsWcrbj1PzJgxeJ19DRQjhMbKPIuMY8rFaXc8moolVw=="],

    "progress": ["progress@2.0.3", "", {}, "sha512-7PiHtLll5LdnKIMw100I+8xJXR5gW2QwWYkT6iJva0bXitZKa/XMrSbdmg3r2Xnaidz9Qumd0VPaMrZlF9V9sA=="],

    "proper-lockfile": ["proper-lockfile@4.1.2", "", { "dependencies": { "graceful-fs": "^4.2.4", "retry": "^0.12.0", "signal-exit": "^3.0.2" } }, "sha512-TjNPblN4BwAWMXU8s9AEz4JmQxnD1NNL7bNOY/AKUzyamc379FWASUhc/K1pL2noVb+XmZKLL68cjzLsiOAMaA=="],

    "proxy-from-env": ["proxy-from-env@1.1.0", "", {}, "sha512-D+zkORCbA9f1tdWRK0RaCR3GPv50cMxcrz4X8k5LTSUD1Dkw47mKJEZQNunItRTkWwgtaUSo1RVFRIG9ZXiFYg=="],

    "pump": ["pump@3.0.0", "", { "dependencies": { "end-of-stream": "^1.1.0", "once": "^1.3.1" } }, "sha512-LwZy+p3SFs1Pytd/jYct4wpv49HiYCqd9Rlc5ZVdk0V+8Yzv6jR5Blk3TRmPL1ft69TxP0IMZGJ+WPFU2BFhww=="],

    "retry": ["retry@0.12.0", "", {}, "sha1-G0KmJmoh8HQh0bC1S33BZ7AcATs="],

    "rimraf": ["rimraf@3.0.2", "", { "dependencies": { "glob": "^7.1.3" }, "bin": "bin.js" }, "sha512-JZkJMZkAGFFPP2YqXZXPbMlMBgsxzE8ILs4lMIX/2o0L9UBw9O/Y3o6wFw/i9YLapcUJWwqbi3kdxIPdC62TIA=="],

    "signal-exit": ["signal-exit@3.0.6", "", {}, "sha512-sDl4qMFpijcGw22U5w63KmD3cZJfBuFlVNbVMKje2keoKML7X2UzWbc4XrmEbDwg0NXJc3yv4/ox7b+JWb57kQ=="],

    "sinon": ["sinon@12.0.1", "", { "dependencies": { "@sinonjs/commons": "^1.8.3", "@sinonjs/fake-timers": "^8.1.0", "@sinonjs/samsam": "^6.0.2", "diff": "^5.0.0", "nise": "^5.1.0", "supports-color": "^7.2.0" } }, "sha512-iGu29Xhym33ydkAT+aNQFBINakjq69kKO6ByPvTsm3yyIACfyQttRTP03aBP/I8GfhFmLzrnKwNNkr0ORb1udg=="],

    "smart-buffer": ["smart-buffer@4.2.0", "", {}, "sha512-94hK0Hh8rPqQl2xXc3HsaBoOXKV20MToPkcXvwbISWLEs+64sBq5kFgn2kJDHb1Pry9yrP0dxrCI9RRci7RXKg=="],

    "socks": ["socks@2.6.1", "", { "dependencies": { "ip": "^1.1.5", "smart-buffer": "^4.1.0" } }, "sha512-kLQ9N5ucj8uIcxrDwjm0Jsqk06xdpBjGNQtpXy4Q8/QY2k+fY7nZH8CARy+hkbG+SGAovmzzuauCpBlb8FrnBA=="],

    "socks-proxy-agent": ["socks-proxy-agent@6.1.1", "", { "dependencies": { "agent-base": "^6.0.2", "debug": "^4.3.1", "socks": "^2.6.1" } }, "sha512-t8J0kG3csjA4g6FTbsMOWws+7R7vuRC8aQ/wy3/1OWmsgwA68zs/+cExQ0koSitUDXqhufF/YJr9wtNMZHw5Ew=="],

    "stack-utils": ["stack-utils@2.0.5", "", { "dependencies": { "escape-string-regexp": "^2.0.0" } }, "sha512-xrQcmYhOsn/1kX+Vraq+7j4oE2j/6BFscZ0etmYg81xuM8Gq0022Pxb8+IqgOFUIaxHs0KaSb7T1+OegiNrNFA=="],

    "supports-color": ["supports-color@7.2.0", "", { "dependencies": { "has-flag": "^4.0.0" } }, "sha512-qpCAvRl9stuOHveKsn7HncJRvv501qIacKzQlO/+Lwxc9+0q2wLyv4Dfvt80/DPn2pqOBsJdDiogXGR9+OvwRw=="],

    "type-detect": ["type-detect@4.0.8", "", {}, "sha512-0fr/mIH1dlO+x7TlcMy+bIDqKPsw/70tVyeHW787goQjhmqaZe10uwLujubK9q9Lg6Fiho1KUKDYz0Z7k7g5/g=="],

    "wrappy": ["wrappy@1.0.2", "", {}, "sha1-tSQ9jz7BqjXxNkYFvA0QNuMKtp8="],

    "ws": ["ws@7.5.6", "", { "peerDependencies": { "bufferutil": "^4.0.1", "utf-8-validate": "^5.0.2" }, "optionalPeers": ["bufferutil", "utf-8-validate"] }, "sha512-6GLgCqo2cy2A2rjCNFlxQS6ZljG/coZfZXclldI8FB/1G3CCI36Zd8xy2HrFVACi8tfk5XrgLQEk+P0Tnz9UcA=="],

    "yauzl": ["yauzl@2.10.0", "", { "dependencies": { "buffer-crc32": "~0.2.3", "fd-slicer": "~1.1.0" } }, "sha1-x+sXyT4RLLEIb6bY5R+wZnt5pfk="],

    "yazl": ["yazl@2.5.1", "", { "dependencies": { "buffer-crc32": "~0.2.3" } }, "sha512-phENi2PLiHnHb6QBVot+dJnaAZ0xosj7p3fWl+znIjBDlnMI2PsZCJZ306BPTFOaHf5qdDEI8x5qFrSOBN5vrw=="],

    "yocto-queue": ["yocto-queue@1.0.0", "", {}, "sha512-9bnSc/HEW2uRy67wc+T8UwauLuPJVn28jb+GtJY16iiKWyvmYJRXVT4UamsAEGQfPohgr2q4Tq0sQbQlxTfi1g=="],

    "nise/@sinonjs/fake-timers": ["@sinonjs/fake-timers@7.1.2", "", { "dependencies": { "@sinonjs/commons": "^1.7.0" } }, "sha512-iQADsW4LBMISqZ6Ci1dupJL9pprqwcVFTcOsEmQOEhW+KLCVn/Y4Jrvg2k19fIHCp+iFprriYPTdRcQR8NbUPg=="],
  }
}
